
Microsoft Visual Studio Solution File, Format Version 11.00
# Visual Studio 2010
Project("{FAE04EC0-301F-11D3-BF4B-00C04F79EFBC}") = "net_test_4_client", "net_test_4_client\net_test_4_client.csproj", "{365E9E7F-D254-4A07-A7E3-864610243029}"
EndProject
Global
	GlobalSection(SolutionConfigurationPlatforms) = preSolution
		Debug|x86 = Debug|x86
		Release|x86 = Release|x86
	EndGlobalSection
	GlobalSection(ProjectConfigurationPlatforms) = postSolution
		{365E9E7F-D254-4A07-A7E3-864610243029}.Debug|x86.ActiveCfg = Debug|x86
		{365E9E7F-D254-4A07-A7E3-864610243029}.Debug|x86.Build.0 = Debug|x86
		{365E9E7F-D254-4A07-A7E3-864610243029}.Release|x86.ActiveCfg = Release|x86
		{365E9E7F-D254-4A07-A7E3-864610243029}.Release|x86.Build.0 = Release|x86
	EndGlobalSection
	GlobalSection(SolutionProperties) = preSolution
		HideSolutionNode = FALSE
	EndGlobalSection
EndGlobal
